
Microsoft Visual Studio Solution File, Format Version 12.00
Project("{FAE04EC0-301F-11D3-BF4B-00C04F79EFBC}") = "Enigma.Core", "Enigma.Core\Enigma.Core.csproj", "{BFDC22D6-C033-4653-8133-2339F124DD1A}"
EndProject
Project("{FAE04EC0-301F-11D3-BF4B-00C04F79EFBC}") = "Enigma.Core.Test", "Enigma.Core.Test\Enigma.Core.Test.csproj", "{CC02AE5D-B263-4A67-AF76-164397B8603A}"
EndProject
Project("{FAE04EC0-301F-11D3-BF4B-00C04F79EFBC}") = "Enigma.Cli", "Enigma.Cli\Enigma.Cli.csproj", "{46D2CF21-F6C6-49A7-94E9-81FC785C6B76}"
EndProject
Global
	GlobalSection(SolutionConfigurationPlatforms) = preSolution
		Debug|Any CPU = Debug|Any CPU
		Release|Any CPU = Release|Any CPU
	EndGlobalSection
	GlobalSection(ProjectConfigurationPlatforms) = postSolution
		{BFDC22D6-C033-4653-8133-2339F124DD1A}.Debug|Any CPU.ActiveCfg = Debug|Any CPU
		{BFDC22D6-C033-4653-8133-2339F124DD1A}.Debug|Any CPU.Build.0 = Debug|Any CPU
		{BFDC22D6-C033-4653-8133-2339F124DD1A}.Release|Any CPU.ActiveCfg = Release|Any CPU
		{BFDC22D6-C033-4653-8133-2339F124DD1A}.Release|Any CPU.Build.0 = Release|Any CPU
		{CC02AE5D-B263-4A67-AF76-164397B8603A}.Debug|Any CPU.ActiveCfg = Debug|Any CPU
		{CC02AE5D-B263-4A67-AF76-164397B8603A}.Debug|Any CPU.Build.0 = Debug|Any CPU
		{CC02AE5D-B263-4A67-AF76-164397B8603A}.Release|Any CPU.ActiveCfg = Release|Any CPU
		{CC02AE5D-B263-4A67-AF76-164397B8603A}.Release|Any CPU.Build.0 = Release|Any CPU
		{46D2CF21-F6C6-49A7-94E9-81FC785C6B76}.Debug|Any CPU.ActiveCfg = Debug|Any CPU
		{46D2CF21-F6C6-49A7-94E9-81FC785C6B76}.Debug|Any CPU.Build.0 = Debug|Any CPU
		{46D2CF21-F6C6-49A7-94E9-81FC785C6B76}.Release|Any CPU.ActiveCfg = Release|Any CPU
		{46D2CF21-F6C6-49A7-94E9-81FC785C6B76}.Release|Any CPU.Build.0 = Release|Any CPU
	EndGlobalSection
EndGlobal
